
Microsoft Visual Studio Solution File, Format Version 12.00
# Visual Studio Version 16
VisualStudioVersion = 16.0.29613.14
MinimumVisualStudioVersion = 10.0.40219.1
Project("{8BC9CEB8-8B4A-11D0-8D11-00A0C91BC942}") = "加号运算符重载", "加号运算符重载\加号运算符重载.vcxproj", "{B67417B1-400D-4217-AA01-68E05095FE76}"
EndProject
Global
	GlobalSection(SolutionConfigurationPlatforms) = preSolution
		Debug|x64 = Debug|x64
		Debug|x86 = Debug|x86
		Release|x64 = Release|x64
		Release|x86 = Release|x86
	EndGlobalSection
	GlobalSection(ProjectConfigurationPlatforms) = postSolution
		{B67417B1-400D-4217-AA01-68E05095FE76}.Debug|x64.ActiveCfg = Debug|x64
		{B67417B1-400D-4217-AA01-68E05095FE76}.Debug|x64.Build.0 = Debug|x64
		{B67417B1-400D-4217-AA01-68E05095FE76}.Debug|x86.ActiveCfg = Debug|Win32
		{B67417B1-400D-4217-AA01-68E05095FE76}.Debug|x86.Build.0 = Debug|Win32
		{B67417B1-400D-4217-AA01-68E05095FE76}.Release|x64.ActiveCfg = Release|x64
		{B67417B1-400D-4217-AA01-68E05095FE76}.Release|x64.Build.0 = Release|x64
		{B67417B1-400D-4217-AA01-68E05095FE76}.Release|x86.ActiveCfg = Release|Win32
		{B67417B1-400D-4217-AA01-68E05095FE76}.Release|x86.Build.0 = Release|Win32
	EndGlobalSection
	GlobalSection(SolutionProperties) = preSolution
		HideSolutionNode = FALSE
	EndGlobalSection
	GlobalSection(ExtensibilityGlobals) = postSolution
		SolutionGuid = {E002DA7A-DDE8-4F82-A435-8E62B9EF53A8}
	EndGlobalSection
EndGlobal
