
Microsoft Visual Studio Solution File, Format Version 12.00
# Visual Studio Version 16
VisualStudioVersion = 16.0.29613.14
MinimumVisualStudioVersion = 10.0.40219.1
Project("{8BC9CEB8-8B4A-11D0-8D11-00A0C91BC942}") = "继承中的对象模型", "继承中的对象模型\继承中的对象模型.vcxproj", "{34BF83E1-096C-479F-8154-57DCCB75127B}"
EndProject
Global
	GlobalSection(SolutionConfigurationPlatforms) = preSolution
		Debug|x64 = Debug|x64
		Debug|x86 = Debug|x86
		Release|x64 = Release|x64
		Release|x86 = Release|x86
	EndGlobalSection
	GlobalSection(ProjectConfigurationPlatforms) = postSolution
		{34BF83E1-096C-479F-8154-57DCCB75127B}.Debug|x64.ActiveCfg = Debug|x64
		{34BF83E1-096C-479F-8154-57DCCB75127B}.Debug|x64.Build.0 = Debug|x64
		{34BF83E1-096C-479F-8154-57DCCB75127B}.Debug|x86.ActiveCfg = Debug|Win32
		{34BF83E1-096C-479F-8154-57DCCB75127B}.Debug|x86.Build.0 = Debug|Win32
		{34BF83E1-096C-479F-8154-57DCCB75127B}.Release|x64.ActiveCfg = Release|x64
		{34BF83E1-096C-479F-8154-57DCCB75127B}.Release|x64.Build.0 = Release|x64
		{34BF83E1-096C-479F-8154-57DCCB75127B}.Release|x86.ActiveCfg = Release|Win32
		{34BF83E1-096C-479F-8154-57DCCB75127B}.Release|x86.Build.0 = Release|Win32
	EndGlobalSection
	GlobalSection(SolutionProperties) = preSolution
		HideSolutionNode = FALSE
	EndGlobalSection
	GlobalSection(ExtensibilityGlobals) = postSolution
		SolutionGuid = {039FA3F1-C39B-4E4A-BCC0-68D9C8B39E08}
	EndGlobalSection
EndGlobal
